{
    "name": "consoles",
    "version": "1.0.0",
    "lockfileVersion": 1,
    "requires": true,
    "dependencies": {
        "consoles": {
            "version": "1.0.0",
            "resolved": "https://registry.npmjs.org/consoles/-/consoles-1.0.0.tgz",
            "integrity": "sha512-n0cMFa/XquOyAxeQ9FwJg4KDMqreA9ANHHl7f+oTfregGTebxR+vHUz7e7eLBrkxVkfosFo1Si759XbagCJzvw=="
        }
    }
}